// !$*UTF8*$!
{
	archiveVersion = 1;
	classes = {
	};
	objectVersion = 52;
	objects = {

/* Begin PBXBuildFile section */
		D6244AC724C29D8A00F2272B /* UIControl+Combine.swift in Sources */ = {isa = PBXBuildFile; fileRef = D6244AC624C29D8A00F2272B /* UIControl+Combine.swift */; };
		D6DA53DE24CD72CB005E871B /* TimelaneCombine in Frameworks */ = {isa = PBXBuildFile; productRef = D6DA53DD24CD72CB005E871B /* TimelaneCombine */; };
		D6FEF8AE24C27D2F00733B2B /* AppDelegate.swift in Sources */ = {isa = PBXBuildFile; fileRef = D6FEF8AD24C27D2F00733B2B /* AppDelegate.swift */; };
		D6FEF8B024C27D2F00733B2B /* SceneDelegate.swift in Sources */ = {isa = PBXBuildFile; fileRef = D6FEF8AF24C27D2F00733B2B /* SceneDelegate.swift */; };
		D6FEF8B224C27D2F00733B2B /* ViewController.swift in Sources */ = {isa = PBXBuildFile; fileRef = D6FEF8B124C27D2F00733B2B /* ViewController.swift */; };
		D6FEF8B524C27D2F00733B2B /* Main.storyboard in Resources */ = {isa = PBXBuildFile; fileRef = D6FEF8B324C27D2F00733B2B /* Main.storyboard */; };
		D6FEF8B724C27D3100733B2B /* Assets.xcassets in Resources */ = {isa = PBXBuildFile; fileRef = D6FEF8B624C27D3100733B2B /* Assets.xcassets */; };
		D6FEF8BA24C27D3100733B2B /* LaunchScreen.storyboard in Resources */ = {isa = PBXBuildFile; fileRef = D6FEF8B824C27D3100733B2B /* LaunchScreen.storyboard */; };
/* End PBXBuildFile section */

/* Begin PBXFileReference section */
		D6244AC624C29D8A00F2272B /* UIControl+Combine.swift */ = {isa = PBXFileReference; fileEncoding = 4; lastKnownFileType = sourcecode.swift; path = "UIControl+Combine.swift"; sourceTree = "<group>"; };
		D6FEF8AA24C27D2F00733B2B /* UserRegistrationCombine.app */ = {isa = PBXFileReference; explicitFileType = wrapper.application; includeInIndex = 0; path = UserRegistrationCombine.app; sourceTree = BUILT_PRODUCTS_DIR; };
		D6FEF8AD24C27D2F00733B2B /* AppDelegate.swift */ = {isa = PBXFileReference; lastKnownFileType = sourcecode.swift; path = AppDelegate.swift; sourceTree = "<group>"; };
		D6FEF8AF24C27D2F00733B2B /* SceneDelegate.swift */ = {isa = PBXFileReference; lastKnownFileType = sourcecode.swift; path = SceneDelegate.swift; sourceTree = "<group>"; };
		D6FEF8B124C27D2F00733B2B /* ViewController.swift */ = {isa = PBXFileReference; lastKnownFileType = sourcecode.swift; path = ViewController.swift; sourceTree = "<group>"; };
		D6FEF8B424C27D2F00733B2B /* Base */ = {isa = PBXFileReference; lastKnownFileType = file.storyboard; name = Base; path = Base.lproj/Main.storyboard; sourceTree = "<group>"; };
		D6FEF8B624C27D3100733B2B /* Assets.xcassets */ = {isa = PBXFileReference; lastKnownFileType = folder.assetcatalog; path = Assets.xcassets; sourceTree = "<group>"; };
		D6FEF8B924C27D3100733B2B /* Base */ = {isa = PBXFileReference; lastKnownFileType = file.storyboard; name = Base; path = Base.lproj/LaunchScreen.storyboard; sourceTree = "<group>"; };
		D6FEF8BB24C27D3100733B2B /* Info.plist */ = {isa = PBXFileReference; lastKnownFileType = text.plist.xml; path = Info.plist; sourceTree = "<group>"; };
/* End PBXFileReference section */

/* Begin PBXFrameworksBuildPhase section */
		D6FEF8A724C27D2F00733B2B /* Frameworks */ = {
			isa = PBXFrameworksBuildPhase;
			buildActionMask = 2147483647;
			files = (
				D6DA53DE24CD72CB005E871B /* TimelaneCombine in Frameworks */,
			);
			runOnlyForDeploymentPostprocessing = 0;
		};
/* End PBXFrameworksBuildPhase section */

/* Begin PBXGroup section */
		D6FEF8A124C27D2F00733B2B = {
			isa = PBXGroup;
			children = (
				D6FEF8AC24C27D2F00733B2B /* UserRegistrationCombine */,
				D6FEF8AB24C27D2F00733B2B /* Products */,
			);
			sourceTree = "<group>";
		};
		D6FEF8AB24C27D2F00733B2B /* Products */ = {
			isa = PBXGroup;
			children = (
				D6FEF8AA24C27D2F00733B2B /* UserRegistrationCombine.app */,
			);
			name = Products;
			sourceTree = "<group>";
		};
		D6FEF8AC24C27D2F00733B2B /* UserRegistrationCombine */ = {
			isa = PBXGroup;
			children = (
				D6FEF8AD24C27D2F00733B2B /* AppDelegate.swift */,
				D6FEF8AF24C27D2F00733B2B /* SceneDelegate.swift */,
				D6244AC624C29D8A00F2272B /* UIControl+Combine.swift */,
				D6FEF8B124C27D2F00733B2B /* ViewController.swift */,
				D6FEF8B324C27D2F00733B2B /* Main.storyboard */,
				D6FEF8B624C27D3100733B2B /* Assets.xcassets */,
				D6FEF8B824C27D3100733B2B /* LaunchScreen.storyboard */,
				D6FEF8BB24C27D3100733B2B /* Info.plist */,
			);
			path = UserRegistrationCombine;
			sourceTree = "<group>";
		};
/* End PBXGroup section */

/* Begin PBXNativeTarget section */
		D6FEF8A924C27D2F00733B2B /* UserRegistrationCombine */ = {
			isa = PBXNativeTarget;
			buildConfigurationList = D6FEF8BE24C27D3100733B2B /* Build configuration list for PBXNativeTarget "UserRegistrationCombine" */;
			buildPhases = (
				D6FEF8A624C27D2F00733B2B /* Sources */,
				D6FEF8A724C27D2F00733B2B /* Frameworks */,
				D6FEF8A824C27D2F00733B2B /* Resources */,
			);
			buildRules = (
			);
			dependencies = (
			);
			name = UserRegistrationCombine;
			packageProductDependencies = (
				D6DA53DD24CD72CB005E871B /* TimelaneCombine */,
			);
			productName = UserRegistrationCombine;
			productReference = D6FEF8AA24C27D2F00733B2B /* UserRegistrationCombine.app */;
			productType = "com.apple.product-type.application";
		};
/* End PBXNativeTarget section */

/* Begin PBXProject section */
		D6FEF8A224C27D2F00733B2B /* Project object */ = {
			isa = PBXProject;
			attributes = {
				LastSwiftUpdateCheck = 1200;
				LastUpgradeCheck = 1200;
				TargetAttributes = {
					D6FEF8A924C27D2F00733B2B = {
						CreatedOnToolsVersion = 12.0;
					};
				};
			};
			buildConfigurationList = D6FEF8A524C27D2F00733B2B /* Build configuration list for PBXProject "UserRegistrationCombine" */;
			compatibilityVersion = "Xcode 9.3";
			developmentRegion = en;
			hasScannedForEncodings = 0;
			knownRegions = (
				en,
				Base,
			);
			mainGroup = D6FEF8A124C27D2F00733B2B;
			packageReferences = (
				D6DA53DC24CD72CB005E871B /* XCRemoteSwiftPackageReference "TimelaneCombine" */,
			);
			productRefGroup = D6FEF8AB24C27D2F00733B2B /* Products */;
			projectDirPath = "";
			projectRoot = "";
			targets = (
				D6FEF8A924C27D2F00733B2B /* UserRegistrationCombine */,
			);
		};
/* End PBXProject section */

/* Begin PBXResourcesBuildPhase section */
		D6FEF8A824C27D2F00733B2B /* Resources */ = {
			isa = PBXResourcesBuildPhase;
			buildActionMask = 2147483647;
			files = (
				D6FEF8BA24C27D3100733B2B /* LaunchScreen.storyboard in Resources */,
				D6FEF8B724C27D3100733B2B /* Assets.xcassets in Resources */,
				D6FEF8B524C27D2F00733B2B /* Main.storyboard in Resources */,
			);
			runOnlyForDeploymentPostprocessing = 0;
		};
/* End PBXResourcesBuildPhase section */

/* Begin PBXSourcesBuildPhase section */
		D6FEF8A624C27D2F00733B2B /* Sources */ = {
			isa = PBXSourcesBuildPhase;
			buildActionMask = 2147483647;
			files = (
				D6FEF8B224C27D2F00733B2B /* ViewController.swift in Sources */,
				D6244AC724C29D8A00F2272B /* UIControl+Combine.swift in Sources */,
				D6FEF8AE24C27D2F00733B2B /* AppDelegate.swift in Sources */,
				D6FEF8B024C27D2F00733B2B /* SceneDelegate.swift in Sources */,
			);
			runOnlyForDeploymentPostprocessing = 0;
		};
/* End PBXSourcesBuildPhase section */

/* Begin PBXVariantGroup section */
		D6FEF8B324C27D2F00733B2B /* Main.storyboard */ = {
			isa = PBXVariantGroup;
			children = (
				D6FEF8B424C27D2F00733B2B /* Base */,
			);
			name = Main.storyboard;
			sourceTree = "<group>";
		};
		D6FEF8B824C27D3100733B2B /* LaunchScreen.storyboard */ = {
			isa = PBXVariantGroup;
			children = (
				D6FEF8B924C27D3100733B2B /* Base */,
			);
			name = LaunchScreen.storyboard;
			sourceTree = "<group>";
		};
/* End PBXVariantGroup section */

/* Begin XCBuildConfiguration section */
		D6FEF8BC24C27D3100733B2B /* Debug */ = {
			isa = XCBuildConfiguration;
			buildSettings = {
				ALWAYS_SEARCH_USER_PATHS = NO;
				CLANG_ANALYZER_NONNULL = YES;
				CLANG_ANALYZER_NUMBER_OBJECT_CONVERSION = YES_AGGRESSIVE;
				CLANG_CXX_LANGUAGE_STANDARD = "gnu++14";
				CLANG_CXX_LIBRARY = "libc++";
				CLANG_ENABLE_MODULES = YES;
				CLANG_ENABLE_OBJC_ARC = YES;
				CLANG_ENABLE_OBJC_WEAK = YES;
				CLANG_WARN_BLOCK_CAPTURE_AUTORELEASING = YES;
				CLANG_WARN_BOOL_CONVERSION = YES;
				CLANG_WARN_COMMA = YES;
				CLANG_WARN_CONSTANT_CONVERSION = YES;
				CLANG_WARN_DEPRECATED_OBJC_IMPLEMENTATIONS = YES;
				CLANG_WARN_DIRECT_OBJC_ISA_USAGE = YES_ERROR;
				CLANG_WARN_DOCUMENTATION_COMMENTS = YES;
				CLANG_WARN_EMPTY_BODY = YES;
				CLANG_WARN_ENUM_CONVERSION = YES;
				CLANG_WARN_INFINITE_RECURSION = YES;
				CLANG_WARN_INT_CONVERSION = YES;
				CLANG_WARN_NON_LITERAL_NULL_CONVERSION = YES;
				CLANG_WARN_OBJC_IMPLICIT_RETAIN_SELF = YES;
				CLANG_WARN_OBJC_LITERAL_CONVERSION = YES;
				CLANG_WARN_OBJC_ROOT_CLASS = YES_ERROR;
				CLANG_WARN_QUOTED_INCLUDE_IN_FRAMEWORK_HEADER = YES;
				CLANG_WARN_RANGE_LOOP_ANALYSIS = YES;
				CLANG_WARN_STRICT_PROTOTYPES = YES;
				CLANG_WARN_SUSPICIOUS_MOVE = YES;
				CLANG_WARN_UNGUARDED_AVAILABILITY = YES_AGGRESSIVE;
				CLANG_WARN_UNREACHABLE_CODE = YES;
				CLANG_WARN__DUPLICATE_METHOD_MATCH = YES;
				COPY_PHASE_STRIP = NO;
				DEBUG_INFORMATION_FORMAT = dwarf;
				ENABLE_STRICT_OBJC_MSGSEND = YES;
				ENABLE_TESTABILITY = YES;
				GCC_C_LANGUAGE_STANDARD = gnu11;
				GCC_DYNAMIC_NO_PIC = NO;
				GCC_NO_COMMON_BLOCKS = YES;
				GCC_OPTIMIZATION_LEVEL = 0;
				GCC_PREPROCESSOR_DEFINITIONS = (
					"DEBUG=1",
					"$(inherited)",
				);
				GCC_WARN_64_TO_32_BIT_CONVERSION = YES;
				GCC_WARN_ABOUT_RETURN_TYPE = YES_ERROR;
				GCC_WARN_UNDECLARED_SELECTOR = YES;
				GCC_WARN_UNINITIALIZED_AUTOS = YES_AGGRESSIVE;
				GCC_WARN_UNUSED_FUNCTION = YES;
				GCC_WARN_UNUSED_VARIABLE = YES;
				IPHONEOS_DEPLOYMENT_TARGET = 14.0;
				MTL_ENABLE_DEBUG_INFO = INCLUDE_SOURCE;
				MTL_FAST_MATH = YES;
				ONLY_ACTIVE_ARCH = YES;
				SDKROOT = iphoneos;
				SWIFT_ACTIVE_COMPILATION_CONDITIONS = DEBUG;
				SWIFT_OPTIMIZATION_LEVEL = "-Onone";
			};
			name = Debug;
		};
		D6FEF8BD24C27D3100733B2B /* Release */ = {
			isa = XCBuildConfiguration;
			buildSettings = {
				ALWAYS_SEARCH_USER_PATHS = NO;
				CLANG_ANALYZER_NONNULL = YES;
				CLANG_ANALYZER_NUMBER_OBJECT_CONVERSION = YES_AGGRESSIVE;
				CLANG_CXX_LANGUAGE_STANDARD = "gnu++14";
				CLANG_CXX_LIBRARY = "libc++";
				CLANG_ENABLE_MODULES = YES;
				CLANG_ENABLE_OBJC_ARC = YES;
				CLANG_ENABLE_OBJC_WEAK = YES;
				CLANG_WARN_BLOCK_CAPTURE_AUTORELEASING = YES;
				CLANG_WARN_BOOL_CONVERSION = YES;
				CLANG_WARN_COMMA = YES;
				CLANG_WARN_CONSTANT_CONVERSION = YES;
				CLANG_WARN_DEPRECATED_OBJC_IMPLEMENTATIONS = YES;
				CLANG_WARN_DIRECT_OBJC_ISA_USAGE = YES_ERROR;
				CLANG_WARN_DOCUMENTATION_COMMENTS = YES;
				CLANG_WARN_EMPTY_BODY = YES;
				CLANG_WARN_ENUM_CONVERSION = YES;
				CLANG_WARN_INFINITE_RECURSION = YES;
				CLANG_WARN_INT_CONVERSION = YES;
				CLANG_WARN_NON_LITERAL_NULL_CONVERSION = YES;
				CLANG_WARN_OBJC_IMPLICIT_RETAIN_SELF = YES;
				CLANG_WARN_OBJC_LITERAL_CONVERSION = YES;
				CLANG_WARN_OBJC_ROOT_CLASS = YES_ERROR;
				CLANG_WARN_QUOTED_INCLUDE_IN_FRAMEWORK_HEADER = YES;
				CLANG_WARN_RANGE_LOOP_ANALYSIS = YES;
				CLANG_WARN_STRICT_PROTOTYPES = YES;
				CLANG_WARN_SUSPICIOUS_MOVE = YES;
				CLANG_WARN_UNGUARDED_AVAILABILITY = YES_AGGRESSIVE;
				CLANG_WARN_UNREACHABLE_CODE = YES;
				CLANG_WARN__DUPLICATE_METHOD_MATCH = YES;
				COPY_PHASE_STRIP = NO;
				DEBUG_INFORMATION_FORMAT = "dwarf-with-dsym";
				ENABLE_NS_ASSERTIONS = NO;
				ENABLE_STRICT_OBJC_MSGSEND = YES;
				GCC_C_LANGUAGE_STANDARD = gnu11;
				GCC_NO_COMMON_BLOCKS = YES;
				GCC_WARN_64_TO_32_BIT_CONVERSION = YES;
				GCC_WARN_ABOUT_RETURN_TYPE = YES_ERROR;
				GCC_WARN_UNDECLARED_SELECTOR = YES;
				GCC_WARN_UNINITIALIZED_AUTOS = YES_AGGRESSIVE;
				GCC_WARN_UNUSED_FUNCTION = YES;
				GCC_WARN_UNUSED_VARIABLE = YES;
				IPHONEOS_DEPLOYMENT_TARGET = 14.0;
				MTL_ENABLE_DEBUG_INFO = NO;
				MTL_FAST_MATH = YES;
				SDKROOT = iphoneos;
				SWIFT_COMPILATION_MODE = wholemodule;
				SWIFT_OPTIMIZATION_LEVEL = "-O";
				VALIDATE_PRODUCT = YES;
			};
			name = Release;
		};
		D6FEF8BF24C27D3100733B2B /* Debug */ = {
			isa = XCBuildConfiguration;
			buildSettings = {
				ASSETCATALOG_COMPILER_APPICON_NAME = AppIcon;
				ASSETCATALOG_COMPILER_GLOBAL_ACCENT_COLOR_NAME = AccentColor;
				CODE_SIGN_STYLE = Automatic;
				DEVELOPMENT_TEAM = L8VFCZLW2Z;
				INFOPLIST_FILE = UserRegistrationCombine/Info.plist;
				IPHONEOS_DEPLOYMENT_TARGET = 13.6;
				LD_RUNPATH_SEARCH_PATHS = (
					"$(inherited)",
					"@executable_path/Frameworks",
				);
				PRODUCT_BUNDLE_IDENTIFIER = shiz.sample.UserRegistrationCombine;
				PRODUCT_NAME = "$(TARGET_NAME)";
				SWIFT_VERSION = 5.0;
				TARGETED_DEVICE_FAMILY = "1,2";
			};
			name = Debug;
		};
		D6FEF8C024C27D3100733B2B /* Release */ = {
			isa = XCBuildConfiguration;
			buildSettings = {
				ASSETCATALOG_COMPILER_APPICON_NAME = AppIcon;
				ASSETCATALOG_COMPILER_GLOBAL_ACCENT_COLOR_NAME = AccentColor;
				CODE_SIGN_STYLE = Automatic;
				DEVELOPMENT_TEAM = L8VFCZLW2Z;
				INFOPLIST_FILE = UserRegistrationCombine/Info.plist;
				IPHONEOS_DEPLOYMENT_TARGET = 13.6;
				LD_RUNPATH_SEARCH_PATHS = (
					"$(inherited)",
					"@executable_path/Frameworks",
				);
				PRODUCT_BUNDLE_IDENTIFIER = shiz.sample.UserRegistrationCombine;
				PRODUCT_NAME = "$(TARGET_NAME)";
				SWIFT_VERSION = 5.0;
				TARGETED_DEVICE_FAMILY = "1,2";
			};
			name = Release;
		};
/* End XCBuildConfiguration section */

/* Begin XCConfigurationList section */
		D6FEF8A524C27D2F00733B2B /* Build configuration list for PBXProject "UserRegistrationCombine" */ = {
			isa = XCConfigurationList;
			buildConfigurations = (
				D6FEF8BC24C27D3100733B2B /* Debug */,
				D6FEF8BD24C27D3100733B2B /* Release */,
			);
			defaultConfigurationIsVisible = 0;
			defaultConfigurationName = Release;
		};
		D6FEF8BE24C27D3100733B2B /* Build configuration list for PBXNativeTarget "UserRegistrationCombine" */ = {
			isa = XCConfigurationList;
			buildConfigurations = (
				D6FEF8BF24C27D3100733B2B /* Debug */,
				D6FEF8C024C27D3100733B2B /* Release */,
			);
			defaultConfigurationIsVisible = 0;
			defaultConfigurationName = Release;
		};
/* End XCConfigurationList section */

/* Begin XCRemoteSwiftPackageReference section */
		D6DA53DC24CD72CB005E871B /* XCRemoteSwiftPackageReference "TimelaneCombine" */ = {
			isa = XCRemoteSwiftPackageReference;
			repositoryURL = "https://github.com/icanzilb/TimelaneCombine";
			requirement = {
				kind = upToNextMajorVersion;
				minimumVersion = 1.0.10;
			};
		};
/* End XCRemoteSwiftPackageReference section */

/* Begin XCSwiftPackageProductDependency section */
		D6DA53DD24CD72CB005E871B /* TimelaneCombine */ = {
			isa = XCSwiftPackageProductDependency;
			package = D6DA53DC24CD72CB005E871B /* XCRemoteSwiftPackageReference "TimelaneCombine" */;
			productName = TimelaneCombine;
		};
/* End XCSwiftPackageProductDependency section */
	};
	rootObject = D6FEF8A224C27D2F00733B2B /* Project object */;
}
